# generated by rye
# use `rye lock` or `rye sync` to update this lockfile
#
# last locked with the following flags:
#   pre: false
#   features: []
#   all-features: false
#   with-sources: false
#   generate-hashes: false
#   universal: false

-e file:.
build==1.3.0
certifi==2025.8.3
    # via requests
charset-normalizer==3.4.3
    # via requests
coverage==7.10.4
    # via pytest-cov
docker==7.1.0
    # via colcon2deb
exceptiongroup==1.3.0
    # via pytest
idna==3.10
    # via requests
iniconfig==2.1.0
    # via pytest
packaging==25.0
    # via build
    # via pytest
pluggy==1.6.0
    # via pytest
    # via pytest-cov
pygments==2.19.2
    # via pytest
pyproject-hooks==1.2.0
    # via build
pytest==8.4.1
    # via pytest-cov
    # via pytest-mock
pytest-cov==6.2.1
pytest-mock==3.14.1
pyyaml==6.0.2
    # via colcon2deb
requests==2.32.5
    # via colcon2deb
    # via docker
tomli==2.2.1
    # via build
    # via coverage
    # via pytest
typing-extensions==4.14.1
    # via exceptiongroup
urllib3==2.5.0
    # via docker
    # via requests
