# generated by rye
# use `rye lock` or `rye sync` to update this lockfile
#
# last locked with the following flags:
#   pre: false
#   features: []
#   all-features: false
#   with-sources: false
#   generate-hashes: false
#   universal: false

-e file:.
certifi==2025.8.3
    # via requests
charset-normalizer==3.4.3
    # via requests
docker==7.1.0
    # via colcon2deb
idna==3.10
    # via requests
pyyaml==6.0.2
    # via colcon2deb
requests==2.32.5
    # via colcon2deb
    # via docker
urllib3==2.5.0
    # via docker
    # via requests
